<?xml version="1.0" encoding="utf-8"?>
<Project ToolsVersion="4.0" xmlns="http://schemas.microsoft.com/developer/msbuild/2003">
  <ItemGroup>
    <Filter Include="Source Files">
      <UniqueIdentifier>{4FC737F1-C7A5-4376-A066-2A32D752A2FF}</UniqueIdentifier>
      <Extensions>cpp;c;cc;cxx;c++;cppm;ixx;def;odl;idl;hpj;bat;asm;asmx</Extensions>
    </Filter>
    <Filter Include="Header Files">
      <UniqueIdentifier>{93995380-89BD-4b04-88EB-625FBE52EBFB}</UniqueIdentifier>
      <Extensions>h;hh;hpp;hxx;h++;hm;inl;inc;ipp;xsd</Extensions>
    </Filter>
    <Filter Include="Header Files\parser">
      <UniqueIdentifier>{280cd54f-3eb1-4efc-bc12-5ceb9b59e0cb}</UniqueIdentifier>
    </Filter>
    <Filter Include="Source Files\parser">
      <UniqueIdentifier>{0a50cb01-b18b-4cff-9fa7-38aee951d0a9}</UniqueIdentifier>
    </Filter>
    <Filter Include="Header Files\symbol">
      <UniqueIdentifier>{7ced0a91-3db7-4fd5-b26f-8c289b6fe39c}</UniqueIdentifier>
    </Filter>
    <Filter Include="Header Files\ast">
      <UniqueIdentifier>{904b3007-59aa-4f5a-b242-dc5302c1bd4e}</UniqueIdentifier>
    </Filter>
    <Filter Include="Source Files\ast">
      <UniqueIdentifier>{33f4e154-d01f-4e00-8d5e-88af67eadb22}</UniqueIdentifier>
    </Filter>
    <Filter Include="Source Files\symbol">
      <UniqueIdentifier>{60f65759-9b58-42d6-91e8-5ce2e24dd1d4}</UniqueIdentifier>
    </Filter>
  </ItemGroup>
  <ItemGroup>
    <ClInclude Include="include\parser\InputBuffer.h">
      <Filter>Header Files\parser</Filter>
    </ClInclude>
    <ClInclude Include="include\parser\ErrorHandler.h">
      <Filter>Header Files\parser</Filter>
    </ClInclude>
    <ClInclude Include="include\parser\Parser.h">
      <Filter>Header Files\parser</Filter>
    </ClInclude>
    <ClInclude Include="include\parser\StringBuffer.h">
      <Filter>Header Files\parser</Filter>
    </ClInclude>
    <ClInclude Include="include\parser\Token.h">
      <Filter>Header Files\parser</Filter>
    </ClInclude>
    <ClInclude Include="include\AST\Assignment.h">
      <Filter>Header Files\ast</Filter>
    </ClInclude>
    <ClInclude Include="include\AST\AST.h">
      <Filter>Header Files\ast</Filter>
    </ClInclude>
    <ClInclude Include="include\AST\BinaryExpression.h">
      <Filter>Header Files\ast</Filter>
    </ClInclude>
    <ClInclude Include="include\AST\ColonAtom.h">
      <Filter>Header Files\ast</Filter>
    </ClInclude>
    <ClInclude Include="include\AST\ColonExpression.h">
      <Filter>Header Files\ast</Filter>
    </ClInclude>
    <ClInclude Include="include\AST\Expression.h">
      <Filter>Header Files\ast</Filter>
    </ClInclude>
    <ClInclude Include="include\AST\ExpressionList.h">
      <Filter>Header Files\ast</Filter>
    </ClInclude>
    <ClInclude Include="include\AST\ExpressionStatement.h">
      <Filter>Header Files\ast</Filter>
    </ClInclude>
    <ClInclude Include="include\AST\FloatLiteral.h">
      <Filter>Header Files\ast</Filter>
    </ClInclude>
    <ClInclude Include="include\AST\IntLiteral.h">
      <Filter>Header Files\ast</Filter>
    </ClInclude>
    <ClInclude Include="include\AST\MatrixExpression.h">
      <Filter>Header Files\ast</Filter>
    </ClInclude>
    <ClInclude Include="include\AST\ASTNode.h">
      <Filter>Header Files\ast</Filter>
    </ClInclude>
    <ClInclude Include="include\AST\Reference.h">
      <Filter>Header Files\ast</Filter>
    </ClInclude>
    <ClInclude Include="include\AST\SizeExpression.h">
      <Filter>Header Files\ast</Filter>
    </ClInclude>
    <ClInclude Include="include\AST\Statement.h">
      <Filter>Header Files\ast</Filter>
    </ClInclude>
    <ClInclude Include="include\AST\Transpose.h">
      <Filter>Header Files\ast</Filter>
    </ClInclude>
    <ClInclude Include="include\AST\UnaryExpression.h">
      <Filter>Header Files\ast</Filter>
    </ClInclude>
    <ClInclude Include="include\symbol\Symbol.h">
      <Filter>Header Files\symbol</Filter>
    </ClInclude>
    <ClInclude Include="include\symbol\SymbolMap.h">
      <Filter>Header Files\symbol</Filter>
    </ClInclude>
    <ClInclude Include="include\symbol\Variable.h">
      <Filter>Header Files\symbol</Filter>
    </ClInclude>
    <ClInclude Include="include\symbol\Type.h">
      <Filter>Header Files\symbol</Filter>
    </ClInclude>
    <ClInclude Include="include\ast\ExpressionValue.h">
      <Filter>Header Files\ast</Filter>
    </ClInclude>
    <ClInclude Include="include\symbol\Scope.h">
      <Filter>Header Files\symbol</Filter>
    </ClInclude>
    <ClInclude Include="include\Calc.h">
      <Filter>Header Files</Filter>
    </ClInclude>
    <ClInclude Include="include\symbol\GlobalScope.h">
      <Filter>Header Files\symbol</Filter>
    </ClInclude>
    <ClInclude Include="include\Frame.h">
      <Filter>Header Files</Filter>
    </ClInclude>
    <ClInclude Include="include\Writer.h">
      <Filter>Header Files</Filter>
    </ClInclude>
    <ClInclude Include="include\ProblemReporter.h">
      <Filter>Header Files</Filter>
    </ClInclude>
    <ClInclude Include="include\symbol\Function.h">
      <Filter>Header Files\symbol</Filter>
    </ClInclude>
    <ClInclude Include="include\ast\Declaration.h">
      <Filter>Header Files\ast</Filter>
    </ClInclude>
    <ClInclude Include="include\ast\FunctionDeclaration.h">
      <Filter>Header Files\ast</Filter>
    </ClInclude>
    <ClInclude Include="include\ast\CastExpression.h">
      <Filter>Header Files\ast</Filter>
    </ClInclude>
    <ClInclude Include="include\ast\TypeReference.h">
      <Filter>Header Files\ast</Filter>
    </ClInclude>
  </ItemGroup>
  <ItemGroup>
    <ClCompile Include="src\parser\ErrorHandler.cpp">
      <Filter>Source Files\parser</Filter>
    </ClCompile>
    <ClCompile Include="src\parser\Parser.cpp">
      <Filter>Source Files\parser</Filter>
    </ClCompile>
    <ClCompile Include="src\ast\UnaryExpression.cpp">
      <Filter>Source Files\ast</Filter>
    </ClCompile>
    <ClCompile Include="src\ast\Transpose.cpp">
      <Filter>Source Files\ast</Filter>
    </ClCompile>
    <ClCompile Include="src\ast\SizeExpression.cpp">
      <Filter>Source Files\ast</Filter>
    </ClCompile>
    <ClCompile Include="src\ast\MatrixExpression.cpp">
      <Filter>Source Files\ast</Filter>
    </ClCompile>
    <ClCompile Include="src\ast\Expression.cpp">
      <Filter>Source Files\ast</Filter>
    </ClCompile>
    <ClCompile Include="src\ast\BinaryExpression.cpp">
      <Filter>Source Files\ast</Filter>
    </ClCompile>
    <ClCompile Include="src\ast\ColonAtom.cpp">
      <Filter>Source Files\ast</Filter>
    </ClCompile>
    <ClCompile Include="src\ast\ColonExpression.cpp">
      <Filter>Source Files\ast</Filter>
    </ClCompile>
    <ClCompile Include="src\ast\ExpressionStatement.cpp">
      <Filter>Source Files\ast</Filter>
    </ClCompile>
    <ClCompile Include="src\ast\FloatLiteral.cpp">
      <Filter>Source Files\ast</Filter>
    </ClCompile>
    <ClCompile Include="src\ast\IntLiteral.cpp">
      <Filter>Source Files\ast</Filter>
    </ClCompile>
    <ClCompile Include="src\ast\Reference.cpp">
      <Filter>Source Files\ast</Filter>
    </ClCompile>
    <ClCompile Include="src\ast\Assignment.cpp">
      <Filter>Source Files\ast</Filter>
    </ClCompile>
    <ClCompile Include="src\symbol\Scope.cpp">
      <Filter>Source Files\symbol</Filter>
    </ClCompile>
    <ClCompile Include="src\symbol\GlobalScope.cpp">
      <Filter>Source Files\symbol</Filter>
    </ClCompile>
    <ClCompile Include="src\Frame.cpp">
      <Filter>Source Files</Filter>
    </ClCompile>
    <ClCompile Include="src\Main.cpp">
      <Filter>Source Files</Filter>
    </ClCompile>
    <ClCompile Include="src\Writer.cpp">
      <Filter>Source Files</Filter>
    </ClCompile>
    <ClCompile Include="src\ProblemReporter.cpp">
      <Filter>Source Files</Filter>
    </ClCompile>
    <ClCompile Include="src\ast\FunctionDeclaration.cpp">
      <Filter>Source Files\ast</Filter>
    </ClCompile>
    <ClCompile Include="src\ast\CastExpression.cpp">
      <Filter>Source Files\ast</Filter>
    </ClCompile>
    <ClCompile Include="src\symbol\Symbol.cpp">
      <Filter>Source Files\symbol</Filter>
    </ClCompile>
  </ItemGroup>
  <ItemGroup>
    <Text Include="grammar.txt" />
  </ItemGroup>
</Project>